// !$*UTF8*$!
{
	archiveVersion = 1;
	classes = {
	};
	objectVersion = 48;
	objects = {

/* Begin PBXBuildFile section */
		C8A7348D1F8D2C59000D03F4 /* AppDelegate.swift in Sources */ = {isa = PBXBuildFile; fileRef = C8A7348C1F8D2C59000D03F4 /* AppDelegate.swift */; };
		C8A7348F1F8D2C59000D03F4 /* ViewController.swift in Sources */ = {isa = PBXBuildFile; fileRef = C8A7348E1F8D2C59000D03F4 /* ViewController.swift */; };
		C8A734921F8D2C59000D03F4 /* Main.storyboard in Resources */ = {isa = PBXBuildFile; fileRef = C8A734901F8D2C59000D03F4 /* Main.storyboard */; };
		C8A734941F8D2C59000D03F4 /* Assets.xcassets in Resources */ = {isa = PBXBuildFile; fileRef = C8A734931F8D2C59000D03F4 /* Assets.xcassets */; };
		C8A734971F8D2C59000D03F4 /* LaunchScreen.storyboard in Resources */ = {isa = PBXBuildFile; fileRef = C8A734951F8D2C59000D03F4 /* LaunchScreen.storyboard */; };
		C8A7349F1F8D3068000D03F4 /* HelloViewController.swift in Sources */ = {isa = PBXBuildFile; fileRef = C8A7349E1F8D3068000D03F4 /* HelloViewController.swift */; };
		C8A8083D1F8FE38800E2D801 /* LastNameViewController.swift in Sources */ = {isa = PBXBuildFile; fileRef = C8A8083C1F8FE38800E2D801 /* LastNameViewController.swift */; };
/* End PBXBuildFile section */

/* Begin PBXFileReference section */
		C8A734891F8D2C59000D03F4 /* SegueExample.app */ = {isa = PBXFileReference; explicitFileType = wrapper.application; includeInIndex = 0; path = SegueExample.app; sourceTree = BUILT_PRODUCTS_DIR; };
		C8A7348C1F8D2C59000D03F4 /* AppDelegate.swift */ = {isa = PBXFileReference; lastKnownFileType = sourcecode.swift; path = AppDelegate.swift; sourceTree = "<group>"; };
		C8A7348E1F8D2C59000D03F4 /* ViewController.swift */ = {isa = PBXFileReference; lastKnownFileType = sourcecode.swift; path = ViewController.swift; sourceTree = "<group>"; };
		C8A734911F8D2C59000D03F4 /* Base */ = {isa = PBXFileReference; lastKnownFileType = file.storyboard; name = Base; path = Base.lproj/Main.storyboard; sourceTree = "<group>"; };
		C8A734931F8D2C59000D03F4 /* Assets.xcassets */ = {isa = PBXFileReference; lastKnownFileType = folder.assetcatalog; path = Assets.xcassets; sourceTree = "<group>"; };
		C8A734961F8D2C59000D03F4 /* Base */ = {isa = PBXFileReference; lastKnownFileType = file.storyboard; name = Base; path = Base.lproj/LaunchScreen.storyboard; sourceTree = "<group>"; };
		C8A734981F8D2C59000D03F4 /* Info.plist */ = {isa = PBXFileReference; lastKnownFileType = text.plist.xml; path = Info.plist; sourceTree = "<group>"; };
		C8A7349E1F8D3068000D03F4 /* HelloViewController.swift */ = {isa = PBXFileReference; lastKnownFileType = sourcecode.swift; path = HelloViewController.swift; sourceTree = "<group>"; };
		C8A8083C1F8FE38800E2D801 /* LastNameViewController.swift */ = {isa = PBXFileReference; lastKnownFileType = sourcecode.swift; path = LastNameViewController.swift; sourceTree = "<group>"; };
/* End PBXFileReference section */

/* Begin PBXFrameworksBuildPhase section */
		C8A734861F8D2C59000D03F4 /* Frameworks */ = {
			isa = PBXFrameworksBuildPhase;
			buildActionMask = 2147483647;
			files = (
			);
			runOnlyForDeploymentPostprocessing = 0;
		};
/* End PBXFrameworksBuildPhase section */

/* Begin PBXGroup section */
		C8A734801F8D2C59000D03F4 = {
			isa = PBXGroup;
			children = (
				C8A7348B1F8D2C59000D03F4 /* SegueExample */,
				C8A7348A1F8D2C59000D03F4 /* Products */,
			);
			sourceTree = "<group>";
		};
		C8A7348A1F8D2C59000D03F4 /* Products */ = {
			isa = PBXGroup;
			children = (
				C8A734891F8D2C59000D03F4 /* SegueExample.app */,
			);
			name = Products;
			sourceTree = "<group>";
		};
		C8A7348B1F8D2C59000D03F4 /* SegueExample */ = {
			isa = PBXGroup;
			children = (
				C8A7348C1F8D2C59000D03F4 /* AppDelegate.swift */,
				C8A7348E1F8D2C59000D03F4 /* ViewController.swift */,
				C8A734901F8D2C59000D03F4 /* Main.storyboard */,
				C8A8083C1F8FE38800E2D801 /* LastNameViewController.swift */,
				C8A7349E1F8D3068000D03F4 /* HelloViewController.swift */,
				C8A734931F8D2C59000D03F4 /* Assets.xcassets */,
				C8A734951F8D2C59000D03F4 /* LaunchScreen.storyboard */,
				C8A734981F8D2C59000D03F4 /* Info.plist */,
			);
			path = SegueExample;
			sourceTree = "<group>";
		};
/* End PBXGroup section */

/* Begin PBXNativeTarget section */
		C8A734881F8D2C59000D03F4 /* SegueExample */ = {
			isa = PBXNativeTarget;
			buildConfigurationList = C8A7349B1F8D2C59000D03F4 /* Build configuration list for PBXNativeTarget "SegueExample" */;
			buildPhases = (
				C8A734851F8D2C59000D03F4 /* Sources */,
				C8A734861F8D2C59000D03F4 /* Frameworks */,
				C8A734871F8D2C59000D03F4 /* Resources */,
			);
			buildRules = (
			);
			dependencies = (
			);
			name = SegueExample;
			productName = SegueExample;
			productReference = C8A734891F8D2C59000D03F4 /* SegueExample.app */;
			productType = "com.apple.product-type.application";
		};
/* End PBXNativeTarget section */

/* Begin PBXProject section */
		C8A734811F8D2C59000D03F4 /* Project object */ = {
			isa = PBXProject;
			attributes = {
				LastSwiftUpdateCheck = 0900;
				LastUpgradeCheck = 0900;
				ORGANIZATIONNAME = agreyson;
				TargetAttributes = {
					C8A734881F8D2C59000D03F4 = {
						CreatedOnToolsVersion = 9.0;
						ProvisioningStyle = Automatic;
					};
				};
			};
			buildConfigurationList = C8A734841F8D2C59000D03F4 /* Build configuration list for PBXProject "SegueExample" */;
			compatibilityVersion = "Xcode 8.0";
			developmentRegion = en;
			hasScannedForEncodings = 0;
			knownRegions = (
				en,
				Base,
			);
			mainGroup = C8A734801F8D2C59000D03F4;
			productRefGroup = C8A7348A1F8D2C59000D03F4 /* Products */;
			projectDirPath = "";
			projectRoot = "";
			targets = (
				C8A734881F8D2C59000D03F4 /* SegueExample */,
			);
		};
/* End PBXProject section */

/* Begin PBXResourcesBuildPhase section */
		C8A734871F8D2C59000D03F4 /* Resources */ = {
			isa = PBXResourcesBuildPhase;
			buildActionMask = 2147483647;
			files = (
				C8A734971F8D2C59000D03F4 /* LaunchScreen.storyboard in Resources */,
				C8A734941F8D2C59000D03F4 /* Assets.xcassets in Resources */,
				C8A734921F8D2C59000D03F4 /* Main.storyboard in Resources */,
			);
			runOnlyForDeploymentPostprocessing = 0;
		};
/* End PBXResourcesBuildPhase section */

/* Begin PBXSourcesBuildPhase section */
		C8A734851F8D2C59000D03F4 /* Sources */ = {
			isa = PBXSourcesBuildPhase;
			buildActionMask = 2147483647;
			files = (
				C8A7349F1F8D3068000D03F4 /* HelloViewController.swift in Sources */,
				C8A7348F1F8D2C59000D03F4 /* ViewController.swift in Sources */,
				C8A7348D1F8D2C59000D03F4 /* AppDelegate.swift in Sources */,
				C8A8083D1F8FE38800E2D801 /* LastNameViewController.swift in Sources */,
			);
			runOnlyForDeploymentPostprocessing = 0;
		};
/* End PBXSourcesBuildPhase section */

/* Begin PBXVariantGroup section */
		C8A734901F8D2C59000D03F4 /* Main.storyboard */ = {
			isa = PBXVariantGroup;
			children = (
				C8A734911F8D2C59000D03F4 /* Base */,
			);
			name = Main.storyboard;
			sourceTree = "<group>";
		};
		C8A734951F8D2C59000D03F4 /* LaunchScreen.storyboard */ = {
			isa = PBXVariantGroup;
			children = (
				C8A734961F8D2C59000D03F4 /* Base */,
			);
			name = LaunchScreen.storyboard;
			sourceTree = "<group>";
		};
/* End PBXVariantGroup section */

/* Begin XCBuildConfiguration section */
		C8A734991F8D2C59000D03F4 /* Debug */ = {
			isa = XCBuildConfiguration;
			buildSettings = {
				ALWAYS_SEARCH_USER_PATHS = NO;
				CLANG_ANALYZER_NONNULL = YES;
				CLANG_ANALYZER_NUMBER_OBJECT_CONVERSION = YES_AGGRESSIVE;
				CLANG_CXX_LANGUAGE_STANDARD = "gnu++14";
				CLANG_CXX_LIBRARY = "libc++";
				CLANG_ENABLE_MODULES = YES;
				CLANG_ENABLE_OBJC_ARC = YES;
				CLANG_WARN_BLOCK_CAPTURE_AUTORELEASING = YES;
				CLANG_WARN_BOOL_CONVERSION = YES;
				CLANG_WARN_COMMA = YES;
				CLANG_WARN_CONSTANT_CONVERSION = YES;
				CLANG_WARN_DIRECT_OBJC_ISA_USAGE = YES_ERROR;
				CLANG_WARN_DOCUMENTATION_COMMENTS = YES;
				CLANG_WARN_EMPTY_BODY = YES;
				CLANG_WARN_ENUM_CONVERSION = YES;
				CLANG_WARN_INFINITE_RECURSION = YES;
				CLANG_WARN_INT_CONVERSION = YES;
				CLANG_WARN_NON_LITERAL_NULL_CONVERSION = YES;
				CLANG_WARN_OBJC_LITERAL_CONVERSION = YES;
				CLANG_WARN_OBJC_ROOT_CLASS = YES_ERROR;
				CLANG_WARN_RANGE_LOOP_ANALYSIS = YES;
				CLANG_WARN_STRICT_PROTOTYPES = YES;
				CLANG_WARN_SUSPICIOUS_MOVE = YES;
				CLANG_WARN_UNGUARDED_AVAILABILITY = YES_AGGRESSIVE;
				CLANG_WARN_UNREACHABLE_CODE = YES;
				CLANG_WARN__DUPLICATE_METHOD_MATCH = YES;
				CODE_SIGN_IDENTITY = "iPhone Developer";
				COPY_PHASE_STRIP = NO;
				DEBUG_INFORMATION_FORMAT = dwarf;
				ENABLE_STRICT_OBJC_MSGSEND = YES;
				ENABLE_TESTABILITY = YES;
				GCC_C_LANGUAGE_STANDARD = gnu11;
				GCC_DYNAMIC_NO_PIC = NO;
				GCC_NO_COMMON_BLOCKS = YES;
				GCC_OPTIMIZATION_LEVEL = 0;
				GCC_PREPROCESSOR_DEFINITIONS = (
					"DEBUG=1",
					"$(inherited)",
				);
				GCC_WARN_64_TO_32_BIT_CONVERSION = YES;
				GCC_WARN_ABOUT_RETURN_TYPE = YES_ERROR;
				GCC_WARN_UNDECLARED_SELECTOR = YES;
				GCC_WARN_UNINITIALIZED_AUTOS = YES_AGGRESSIVE;
				GCC_WARN_UNUSED_FUNCTION = YES;
				GCC_WARN_UNUSED_VARIABLE = YES;
				IPHONEOS_DEPLOYMENT_TARGET = 11.0;
				MTL_ENABLE_DEBUG_INFO = YES;
				ONLY_ACTIVE_ARCH = YES;
				SDKROOT = iphoneos;
				SWIFT_ACTIVE_COMPILATION_CONDITIONS = DEBUG;
				SWIFT_OPTIMIZATION_LEVEL = "-Onone";
			};
			name = Debug;
		};
		C8A7349A1F8D2C59000D03F4 /* Release */ = {
			isa = XCBuildConfiguration;
			buildSettings = {
				ALWAYS_SEARCH_USER_PATHS = NO;
				CLANG_ANALYZER_NONNULL = YES;
				CLANG_ANALYZER_NUMBER_OBJECT_CONVERSION = YES_AGGRESSIVE;
				CLANG_CXX_LANGUAGE_STANDARD = "gnu++14";
				CLANG_CXX_LIBRARY = "libc++";
				CLANG_ENABLE_MODULES = YES;
				CLANG_ENABLE_OBJC_ARC = YES;
				CLANG_WARN_BLOCK_CAPTURE_AUTORELEASING = YES;
				CLANG_WARN_BOOL_CONVERSION = YES;
				CLANG_WARN_COMMA = YES;
				CLANG_WARN_CONSTANT_CONVERSION = YES;
				CLANG_WARN_DIRECT_OBJC_ISA_USAGE = YES_ERROR;
				CLANG_WARN_DOCUMENTATION_COMMENTS = YES;
				CLANG_WARN_EMPTY_BODY = YES;
				CLANG_WARN_ENUM_CONVERSION = YES;
				CLANG_WARN_INFINITE_RECURSION = YES;
				CLANG_WARN_INT_CONVERSION = YES;
				CLANG_WARN_NON_LITERAL_NULL_CONVERSION = YES;
				CLANG_WARN_OBJC_LITERAL_CONVERSION = YES;
				CLANG_WARN_OBJC_ROOT_CLASS = YES_ERROR;
				CLANG_WARN_RANGE_LOOP_ANALYSIS = YES;
				CLANG_WARN_STRICT_PROTOTYPES = YES;
				CLANG_WARN_SUSPICIOUS_MOVE = YES;
				CLANG_WARN_UNGUARDED_AVAILABILITY = YES_AGGRESSIVE;
				CLANG_WARN_UNREACHABLE_CODE = YES;
				CLANG_WARN__DUPLICATE_METHOD_MATCH = YES;
				CODE_SIGN_IDENTITY = "iPhone Developer";
				COPY_PHASE_STRIP = NO;
				DEBUG_INFORMATION_FORMAT = "dwarf-with-dsym";
				ENABLE_NS_ASSERTIONS = NO;
				ENABLE_STRICT_OBJC_MSGSEND = YES;
				GCC_C_LANGUAGE_STANDARD = gnu11;
				GCC_NO_COMMON_BLOCKS = YES;
				GCC_WARN_64_TO_32_BIT_CONVERSION = YES;
				GCC_WARN_ABOUT_RETURN_TYPE = YES_ERROR;
				GCC_WARN_UNDECLARED_SELECTOR = YES;
				GCC_WARN_UNINITIALIZED_AUTOS = YES_AGGRESSIVE;
				GCC_WARN_UNUSED_FUNCTION = YES;
				GCC_WARN_UNUSED_VARIABLE = YES;
				IPHONEOS_DEPLOYMENT_TARGET = 11.0;
				MTL_ENABLE_DEBUG_INFO = NO;
				SDKROOT = iphoneos;
				SWIFT_OPTIMIZATION_LEVEL = "-Owholemodule";
				VALIDATE_PRODUCT = YES;
			};
			name = Release;
		};
		C8A7349C1F8D2C59000D03F4 /* Debug */ = {
			isa = XCBuildConfiguration;
			buildSettings = {
				ASSETCATALOG_COMPILER_APPICON_NAME = AppIcon;
				CODE_SIGN_STYLE = Automatic;
				INFOPLIST_FILE = SegueExample/Info.plist;
				LD_RUNPATH_SEARCH_PATHS = "$(inherited) @executable_path/Frameworks";
				PRODUCT_BUNDLE_IDENTIFIER = Greyson.SegueExample;
				PRODUCT_NAME = "$(TARGET_NAME)";
				SWIFT_VERSION = 4.0;
				TARGETED_DEVICE_FAMILY = "1,2";
			};
			name = Debug;
		};
		C8A7349D1F8D2C59000D03F4 /* Release */ = {
			isa = XCBuildConfiguration;
			buildSettings = {
				ASSETCATALOG_COMPILER_APPICON_NAME = AppIcon;
				CODE_SIGN_STYLE = Automatic;
				INFOPLIST_FILE = SegueExample/Info.plist;
				LD_RUNPATH_SEARCH_PATHS = "$(inherited) @executable_path/Frameworks";
				PRODUCT_BUNDLE_IDENTIFIER = Greyson.SegueExample;
				PRODUCT_NAME = "$(TARGET_NAME)";
				SWIFT_VERSION = 4.0;
				TARGETED_DEVICE_FAMILY = "1,2";
			};
			name = Release;
		};
/* End XCBuildConfiguration section */

/* Begin XCConfigurationList section */
		C8A734841F8D2C59000D03F4 /* Build configuration list for PBXProject "SegueExample" */ = {
			isa = XCConfigurationList;
			buildConfigurations = (
				C8A734991F8D2C59000D03F4 /* Debug */,
				C8A7349A1F8D2C59000D03F4 /* Release */,
			);
			defaultConfigurationIsVisible = 0;
			defaultConfigurationName = Release;
		};
		C8A7349B1F8D2C59000D03F4 /* Build configuration list for PBXNativeTarget "SegueExample" */ = {
			isa = XCConfigurationList;
			buildConfigurations = (
				C8A7349C1F8D2C59000D03F4 /* Debug */,
				C8A7349D1F8D2C59000D03F4 /* Release */,
			);
			defaultConfigurationIsVisible = 0;
			defaultConfigurationName = Release;
		};
/* End XCConfigurationList section */
	};
	rootObject = C8A734811F8D2C59000D03F4 /* Project object */;
}
